<?xml version="1.0" encoding="utf-8"?>
<Project ToolsVersion="4.0" xmlns="http://schemas.microsoft.com/developer/msbuild/2003">
  <ItemGroup>
    <Filter Include="界面文件">
      <UniqueIdentifier>{556eaf25-41cf-4e0e-b92e-f18d12f1e061}</UniqueIdentifier>
    </Filter>
    <Filter Include="源文件">
      <UniqueIdentifier>{2076f8de-1ae2-4510-a907-7b347b52e354}</UniqueIdentifier>
    </Filter>
    <Filter Include="头文件">
      <UniqueIdentifier>{2468b3d6-7478-4a5d-8524-85a9d05c912b}</UniqueIdentifier>
    </Filter>
    <Filter Include="资源文件">
      <UniqueIdentifier>{67DA6AB6-F800-4c08-8B7A-83BB121AAD01}</UniqueIdentifier>
      <Extensions>qrc;rc;ico;cur;bmp;dlg;rc2;rct;bin;rgs;gif;jpg;jpeg;jpe;resx;tiff;tif;png;wav;mfcribbon-ms</Extensions>
    </Filter>
    <Filter Include="资源文件\Translation Files">
      <UniqueIdentifier>{639EADAA-A684-42e4-A9AD-28FC9BCB8F7C}</UniqueIdentifier>
      <Extensions>ts</Extensions>
    </Filter>
    <Filter Include="头文件\Basic">
      <UniqueIdentifier>{d0f1f9cf-80d4-493a-9a36-97d5f47856b0}</UniqueIdentifier>
    </Filter>
    <Filter Include="头文件\Mainwindow">
      <UniqueIdentifier>{985d0ac7-2d8d-4866-b8ab-733e30b9c187}</UniqueIdentifier>
    </Filter>
    <Filter Include="源文件\Mainwindow">
      <UniqueIdentifier>{c812942c-0f08-4562-ad8b-1f9e9f7e7ed5}</UniqueIdentifier>
    </Filter>
    <Filter Include="源文件\Basic">
      <UniqueIdentifier>{c2593e6f-4bae-46d4-aab8-b60ca8d5760e}</UniqueIdentifier>
    </Filter>
  </ItemGroup>
  <ItemGroup>
    <QtRcc Include="QtOPenGL.qrc">
      <Filter>资源文件</Filter>
    </QtRcc>
  </ItemGroup>
  <ItemGroup>
    <ClCompile Include="main.cpp">
      <Filter>源文件\Mainwindow</Filter>
    </ClCompile>
    <ClCompile Include="QtOPenGL.cpp">
      <Filter>源文件\Mainwindow</Filter>
    </ClCompile>
    <ClCompile Include="basicwidget.cpp">
      <Filter>源文件\Basic</Filter>
    </ClCompile>
    <ClCompile Include="glrectangle.cpp">
      <Filter>源文件\Basic</Filter>
    </ClCompile>
    <ClCompile Include="gltexture.cpp">
      <Filter>源文件\Basic</Filter>
    </ClCompile>
    <ClCompile Include="gltriangle.cpp">
      <Filter>源文件\Basic</Filter>
    </ClCompile>
    <ClCompile Include="gltextureunit.cpp">
      <Filter>源文件\Basic</Filter>
    </ClCompile>
    <ClCompile Include="gltransform.cpp">
      <Filter>源文件\Basic</Filter>
    </ClCompile>
  </ItemGroup>
  <ItemGroup>
    <ResourceCompile Include="QtOPenGL.rc">
      <Filter>资源文件</Filter>
    </ResourceCompile>
  </ItemGroup>
  <ItemGroup>
    <QtUic Include="QtOPenGL.ui">
      <Filter>界面文件</Filter>
    </QtUic>
    <QtUic Include="basicwidget.ui">
      <Filter>界面文件</Filter>
    </QtUic>
  </ItemGroup>
  <ItemGroup>
    <QtMoc Include="QtOPenGL.h">
      <Filter>头文件\Mainwindow</Filter>
    </QtMoc>
    <QtMoc Include="basicwidget.h">
      <Filter>头文件\Basic</Filter>
    </QtMoc>
  </ItemGroup>
  <ItemGroup>
    <ClInclude Include="resource.h">
      <Filter>资源文件</Filter>
    </ClInclude>
    <ClInclude Include="glrectangle.h">
      <Filter>头文件\Basic</Filter>
    </ClInclude>
    <ClInclude Include="gltexture.h">
      <Filter>头文件\Basic</Filter>
    </ClInclude>
    <ClInclude Include="gltriangle.h">
      <Filter>头文件\Basic</Filter>
    </ClInclude>
    <ClInclude Include="gltextureunit.h">
      <Filter>头文件\Basic</Filter>
    </ClInclude>
    <ClInclude Include="gltransform.h">
      <Filter>头文件\Basic</Filter>
    </ClInclude>
  </ItemGroup>
</Project>